
Microsoft Visual Studio Solution File, Format Version 12.00
# Visual Studio 15
VisualStudioVersion = 15.0.27130.2024
MinimumVisualStudioVersion = 10.0.40219.1
Project("{FAE04EC0-301F-11D3-BF4B-00C04F79EFBC}") = "WpfPremierPas", "WpfPremierPas\WpfPremierPas.csproj", "{566FE30D-9382-4C44-B22C-3144D9FB9FA9}"
EndProject
Project("{FAE04EC0-301F-11D3-BF4B-00C04F79EFBC}") = "WinForm", "WinForm\WinForm.csproj", "{BBCF261D-0D61-498C-A1B7-017EACCCC3AB}"
EndProject
Project("{FAE04EC0-301F-11D3-BF4B-00C04F79EFBC}") = "ProjetFilRouge", "ProjetFilRouge\ProjetFilRouge.csproj", "{733895F2-0B7C-4871-A835-32C2E34E3CA0}"
EndProject
Project("{FAE04EC0-301F-11D3-BF4B-00C04F79EFBC}") = "WPFExempleDataBinding", "WPFExempleDataBinding\WPFExempleDataBinding.csproj", "{5D18E086-4CA7-4296-B39D-BDE650403A9A}"
EndProject
Project("{FAE04EC0-301F-11D3-BF4B-00C04F79EFBC}") = "WPFExempleDataBinding2", "WPFExempleDataBinding2\WPFExempleDataBinding2.csproj", "{16FD792D-8194-46E4-BA2D-6F4D74D08ECD}"
EndProject
Global
	GlobalSection(SolutionConfigurationPlatforms) = preSolution
		Debug|Any CPU = Debug|Any CPU
		Release|Any CPU = Release|Any CPU
	EndGlobalSection
	GlobalSection(ProjectConfigurationPlatforms) = postSolution
		{566FE30D-9382-4C44-B22C-3144D9FB9FA9}.Debug|Any CPU.ActiveCfg = Debug|Any CPU
		{566FE30D-9382-4C44-B22C-3144D9FB9FA9}.Debug|Any CPU.Build.0 = Debug|Any CPU
		{566FE30D-9382-4C44-B22C-3144D9FB9FA9}.Release|Any CPU.ActiveCfg = Release|Any CPU
		{566FE30D-9382-4C44-B22C-3144D9FB9FA9}.Release|Any CPU.Build.0 = Release|Any CPU
		{BBCF261D-0D61-498C-A1B7-017EACCCC3AB}.Debug|Any CPU.ActiveCfg = Debug|Any CPU
		{BBCF261D-0D61-498C-A1B7-017EACCCC3AB}.Debug|Any CPU.Build.0 = Debug|Any CPU
		{BBCF261D-0D61-498C-A1B7-017EACCCC3AB}.Release|Any CPU.ActiveCfg = Release|Any CPU
		{BBCF261D-0D61-498C-A1B7-017EACCCC3AB}.Release|Any CPU.Build.0 = Release|Any CPU
		{733895F2-0B7C-4871-A835-32C2E34E3CA0}.Debug|Any CPU.ActiveCfg = Debug|Any CPU
		{733895F2-0B7C-4871-A835-32C2E34E3CA0}.Debug|Any CPU.Build.0 = Debug|Any CPU
		{733895F2-0B7C-4871-A835-32C2E34E3CA0}.Release|Any CPU.ActiveCfg = Release|Any CPU
		{733895F2-0B7C-4871-A835-32C2E34E3CA0}.Release|Any CPU.Build.0 = Release|Any CPU
		{5D18E086-4CA7-4296-B39D-BDE650403A9A}.Debug|Any CPU.ActiveCfg = Debug|Any CPU
		{5D18E086-4CA7-4296-B39D-BDE650403A9A}.Debug|Any CPU.Build.0 = Debug|Any CPU
		{5D18E086-4CA7-4296-B39D-BDE650403A9A}.Release|Any CPU.ActiveCfg = Release|Any CPU
		{5D18E086-4CA7-4296-B39D-BDE650403A9A}.Release|Any CPU.Build.0 = Release|Any CPU
		{16FD792D-8194-46E4-BA2D-6F4D74D08ECD}.Debug|Any CPU.ActiveCfg = Debug|Any CPU
		{16FD792D-8194-46E4-BA2D-6F4D74D08ECD}.Debug|Any CPU.Build.0 = Debug|Any CPU
		{16FD792D-8194-46E4-BA2D-6F4D74D08ECD}.Release|Any CPU.ActiveCfg = Release|Any CPU
		{16FD792D-8194-46E4-BA2D-6F4D74D08ECD}.Release|Any CPU.Build.0 = Release|Any CPU
	EndGlobalSection
	GlobalSection(SolutionProperties) = preSolution
		HideSolutionNode = FALSE
	EndGlobalSection
	GlobalSection(ExtensibilityGlobals) = postSolution
		SolutionGuid = {24329BBC-B945-426A-B831-1733C889F386}
	EndGlobalSection
EndGlobal
